
Microsoft Visual Studio Solution File, Format Version 12.00
# Visual Studio 14
VisualStudioVersion = 14.0.25123.0
MinimumVisualStudioVersion = 10.0.40219.1
Project("{2150E333-8FDC-42A3-9474-1A3956D46DE8}") = ".NET agent", ".NET agent", "{344AEC02-F3F3-48F7-BC16-90AE61CDAD68}"
EndProject
Project("{2150E333-8FDC-42A3-9474-1A3956D46DE8}") = "SUT", "SUT", "{C4356D40-6640-49F2-AE95-337E4A6A81A9}"
EndProject
Project("{FAE04EC0-301F-11D3-BF4B-00C04F79EFBC}") = "TestSystem", "TestSystem\TestSystem.csproj", "{F306275D-CC56-452D-89F8-4123E6D53CDD}"
EndProject
Project("{8BC9CEB8-8B4A-11D0-8D11-00A0C91BC942}") = "InspectIT.NET Agent", "InspectIT.NET Agent\InspectIT.NET Agent.vcxproj", "{46F6B950-B310-46A5-B0DA-D343DF2BE94F}"
EndProject
Project("{2150E333-8FDC-42A3-9474-1A3956D46DE8}") = "Tests", "Tests", "{8D68F643-EE4C-4932-B845-A642F50CFE99}"
EndProject
Project("{8BC9CEB8-8B4A-11D0-8D11-00A0C91BC942}") = "RestTest", "RestTest\RestTest.vcxproj", "{025F6BBD-657C-427A-8808-7CBDDBF91605}"
EndProject
Project("{8BC9CEB8-8B4A-11D0-8D11-00A0C91BC942}") = "VectorTest", "VectorTest\VectorTest.vcxproj", "{62CA1EBD-6871-4AA0-8E94-BDC3F64D95CF}"
EndProject
Project("{8BC9CEB8-8B4A-11D0-8D11-00A0C91BC942}") = "ThreadsTest", "ThreadsTest\ThreadsTest.vcxproj", "{8FB38555-02E4-4CFE-A93F-E462B489932B}"
EndProject
Project("{8BC9CEB8-8B4A-11D0-8D11-00A0C91BC942}") = "PointerTest", "PointerTest\PointerTest.vcxproj", "{83A145AF-D166-4D04-B8B3-3E635F88D6B8}"
EndProject
Project("{8BC9CEB8-8B4A-11D0-8D11-00A0C91BC942}") = "PatternTest", "PatternTest\PatternTest.vcxproj", "{E6B0D87C-A22C-4B21-9A0C-FCD3865A53A3}"
EndProject
Global
	GlobalSection(SolutionConfigurationPlatforms) = preSolution
		Debug|Any CPU = Debug|Any CPU
		Debug|ARM = Debug|ARM
		Debug|Mixed Platforms = Debug|Mixed Platforms
		Debug|Win32 = Debug|Win32
		Debug|x64 = Debug|x64
		Debug|x86 = Debug|x86
		Release|Any CPU = Release|Any CPU
		Release|ARM = Release|ARM
		Release|Mixed Platforms = Release|Mixed Platforms
		Release|Win32 = Release|Win32
		Release|x64 = Release|x64
		Release|x86 = Release|x86
	EndGlobalSection
	GlobalSection(ProjectConfigurationPlatforms) = postSolution
		{F306275D-CC56-452D-89F8-4123E6D53CDD}.Debug|Any CPU.ActiveCfg = Debug|Any CPU
		{F306275D-CC56-452D-89F8-4123E6D53CDD}.Debug|Any CPU.Build.0 = Debug|Any CPU
		{F306275D-CC56-452D-89F8-4123E6D53CDD}.Debug|ARM.ActiveCfg = Debug|Any CPU
		{F306275D-CC56-452D-89F8-4123E6D53CDD}.Debug|ARM.Build.0 = Debug|Any CPU
		{F306275D-CC56-452D-89F8-4123E6D53CDD}.Debug|Mixed Platforms.ActiveCfg = Debug|Any CPU
		{F306275D-CC56-452D-89F8-4123E6D53CDD}.Debug|Mixed Platforms.Build.0 = Debug|Any CPU
		{F306275D-CC56-452D-89F8-4123E6D53CDD}.Debug|Win32.ActiveCfg = Debug|Any CPU
		{F306275D-CC56-452D-89F8-4123E6D53CDD}.Debug|Win32.Build.0 = Debug|Any CPU
		{F306275D-CC56-452D-89F8-4123E6D53CDD}.Debug|x64.ActiveCfg = Debug|Any CPU
		{F306275D-CC56-452D-89F8-4123E6D53CDD}.Debug|x64.Build.0 = Debug|Any CPU
		{F306275D-CC56-452D-89F8-4123E6D53CDD}.Debug|x86.ActiveCfg = Debug|Any CPU
		{F306275D-CC56-452D-89F8-4123E6D53CDD}.Debug|x86.Build.0 = Debug|Any CPU
		{F306275D-CC56-452D-89F8-4123E6D53CDD}.Release|Any CPU.ActiveCfg = Release|Any CPU
		{F306275D-CC56-452D-89F8-4123E6D53CDD}.Release|Any CPU.Build.0 = Release|Any CPU
		{F306275D-CC56-452D-89F8-4123E6D53CDD}.Release|ARM.ActiveCfg = Release|Any CPU
		{F306275D-CC56-452D-89F8-4123E6D53CDD}.Release|ARM.Build.0 = Release|Any CPU
		{F306275D-CC56-452D-89F8-4123E6D53CDD}.Release|Mixed Platforms.ActiveCfg = Release|Any CPU
		{F306275D-CC56-452D-89F8-4123E6D53CDD}.Release|Mixed Platforms.Build.0 = Release|Any CPU
		{F306275D-CC56-452D-89F8-4123E6D53CDD}.Release|Win32.ActiveCfg = Release|Any CPU
		{F306275D-CC56-452D-89F8-4123E6D53CDD}.Release|Win32.Build.0 = Release|Any CPU
		{F306275D-CC56-452D-89F8-4123E6D53CDD}.Release|x64.ActiveCfg = Release|Any CPU
		{F306275D-CC56-452D-89F8-4123E6D53CDD}.Release|x64.Build.0 = Release|Any CPU
		{F306275D-CC56-452D-89F8-4123E6D53CDD}.Release|x86.ActiveCfg = Release|Any CPU
		{F306275D-CC56-452D-89F8-4123E6D53CDD}.Release|x86.Build.0 = Release|Any CPU
		{46F6B950-B310-46A5-B0DA-D343DF2BE94F}.Debug|Any CPU.ActiveCfg = Debug|Win32
		{46F6B950-B310-46A5-B0DA-D343DF2BE94F}.Debug|ARM.ActiveCfg = Debug|Win32
		{46F6B950-B310-46A5-B0DA-D343DF2BE94F}.Debug|Mixed Platforms.ActiveCfg = Debug|Win32
		{46F6B950-B310-46A5-B0DA-D343DF2BE94F}.Debug|Mixed Platforms.Build.0 = Debug|Win32
		{46F6B950-B310-46A5-B0DA-D343DF2BE94F}.Debug|Win32.ActiveCfg = Debug|Win32
		{46F6B950-B310-46A5-B0DA-D343DF2BE94F}.Debug|Win32.Build.0 = Debug|Win32
		{46F6B950-B310-46A5-B0DA-D343DF2BE94F}.Debug|x64.ActiveCfg = Debug|x64
		{46F6B950-B310-46A5-B0DA-D343DF2BE94F}.Debug|x64.Build.0 = Debug|x64
		{46F6B950-B310-46A5-B0DA-D343DF2BE94F}.Debug|x86.ActiveCfg = Debug|Win32
		{46F6B950-B310-46A5-B0DA-D343DF2BE94F}.Debug|x86.Build.0 = Debug|Win32
		{46F6B950-B310-46A5-B0DA-D343DF2BE94F}.Release|Any CPU.ActiveCfg = Release|Win32
		{46F6B950-B310-46A5-B0DA-D343DF2BE94F}.Release|ARM.ActiveCfg = Release|Win32
		{46F6B950-B310-46A5-B0DA-D343DF2BE94F}.Release|Mixed Platforms.ActiveCfg = Release|Win32
		{46F6B950-B310-46A5-B0DA-D343DF2BE94F}.Release|Mixed Platforms.Build.0 = Release|Win32
		{46F6B950-B310-46A5-B0DA-D343DF2BE94F}.Release|Win32.ActiveCfg = Release|Win32
		{46F6B950-B310-46A5-B0DA-D343DF2BE94F}.Release|Win32.Build.0 = Release|Win32
		{46F6B950-B310-46A5-B0DA-D343DF2BE94F}.Release|x64.ActiveCfg = Release|x64
		{46F6B950-B310-46A5-B0DA-D343DF2BE94F}.Release|x64.Build.0 = Release|x64
		{46F6B950-B310-46A5-B0DA-D343DF2BE94F}.Release|x86.ActiveCfg = Release|Win32
		{46F6B950-B310-46A5-B0DA-D343DF2BE94F}.Release|x86.Build.0 = Release|Win32
		{025F6BBD-657C-427A-8808-7CBDDBF91605}.Debug|Any CPU.ActiveCfg = Debug|Win32
		{025F6BBD-657C-427A-8808-7CBDDBF91605}.Debug|ARM.ActiveCfg = Debug|Win32
		{025F6BBD-657C-427A-8808-7CBDDBF91605}.Debug|Mixed Platforms.ActiveCfg = Debug|Win32
		{025F6BBD-657C-427A-8808-7CBDDBF91605}.Debug|Mixed Platforms.Build.0 = Debug|Win32
		{025F6BBD-657C-427A-8808-7CBDDBF91605}.Debug|Win32.ActiveCfg = Debug|Win32
		{025F6BBD-657C-427A-8808-7CBDDBF91605}.Debug|Win32.Build.0 = Debug|Win32
		{025F6BBD-657C-427A-8808-7CBDDBF91605}.Debug|x64.ActiveCfg = Debug|x64
		{025F6BBD-657C-427A-8808-7CBDDBF91605}.Debug|x64.Build.0 = Debug|x64
		{025F6BBD-657C-427A-8808-7CBDDBF91605}.Debug|x86.ActiveCfg = Debug|Win32
		{025F6BBD-657C-427A-8808-7CBDDBF91605}.Debug|x86.Build.0 = Debug|Win32
		{025F6BBD-657C-427A-8808-7CBDDBF91605}.Release|Any CPU.ActiveCfg = Release|Win32
		{025F6BBD-657C-427A-8808-7CBDDBF91605}.Release|ARM.ActiveCfg = Release|Win32
		{025F6BBD-657C-427A-8808-7CBDDBF91605}.Release|Mixed Platforms.ActiveCfg = Release|Win32
		{025F6BBD-657C-427A-8808-7CBDDBF91605}.Release|Mixed Platforms.Build.0 = Release|Win32
		{025F6BBD-657C-427A-8808-7CBDDBF91605}.Release|Win32.ActiveCfg = Release|Win32
		{025F6BBD-657C-427A-8808-7CBDDBF91605}.Release|Win32.Build.0 = Release|Win32
		{025F6BBD-657C-427A-8808-7CBDDBF91605}.Release|x64.ActiveCfg = Release|x64
		{025F6BBD-657C-427A-8808-7CBDDBF91605}.Release|x64.Build.0 = Release|x64
		{025F6BBD-657C-427A-8808-7CBDDBF91605}.Release|x86.ActiveCfg = Release|Win32
		{025F6BBD-657C-427A-8808-7CBDDBF91605}.Release|x86.Build.0 = Release|Win32
		{62CA1EBD-6871-4AA0-8E94-BDC3F64D95CF}.Debug|Any CPU.ActiveCfg = Debug|Win32
		{62CA1EBD-6871-4AA0-8E94-BDC3F64D95CF}.Debug|ARM.ActiveCfg = Debug|Win32
		{62CA1EBD-6871-4AA0-8E94-BDC3F64D95CF}.Debug|Mixed Platforms.ActiveCfg = Debug|Win32
		{62CA1EBD-6871-4AA0-8E94-BDC3F64D95CF}.Debug|Mixed Platforms.Build.0 = Debug|Win32
		{62CA1EBD-6871-4AA0-8E94-BDC3F64D95CF}.Debug|Win32.ActiveCfg = Debug|Win32
		{62CA1EBD-6871-4AA0-8E94-BDC3F64D95CF}.Debug|Win32.Build.0 = Debug|Win32
		{62CA1EBD-6871-4AA0-8E94-BDC3F64D95CF}.Debug|x64.ActiveCfg = Debug|x64
		{62CA1EBD-6871-4AA0-8E94-BDC3F64D95CF}.Debug|x64.Build.0 = Debug|x64
		{62CA1EBD-6871-4AA0-8E94-BDC3F64D95CF}.Debug|x86.ActiveCfg = Debug|Win32
		{62CA1EBD-6871-4AA0-8E94-BDC3F64D95CF}.Debug|x86.Build.0 = Debug|Win32
		{62CA1EBD-6871-4AA0-8E94-BDC3F64D95CF}.Release|Any CPU.ActiveCfg = Release|Win32
		{62CA1EBD-6871-4AA0-8E94-BDC3F64D95CF}.Release|ARM.ActiveCfg = Release|Win32
		{62CA1EBD-6871-4AA0-8E94-BDC3F64D95CF}.Release|Mixed Platforms.ActiveCfg = Release|Win32
		{62CA1EBD-6871-4AA0-8E94-BDC3F64D95CF}.Release|Mixed Platforms.Build.0 = Release|Win32
		{62CA1EBD-6871-4AA0-8E94-BDC3F64D95CF}.Release|Win32.ActiveCfg = Release|Win32
		{62CA1EBD-6871-4AA0-8E94-BDC3F64D95CF}.Release|Win32.Build.0 = Release|Win32
		{62CA1EBD-6871-4AA0-8E94-BDC3F64D95CF}.Release|x64.ActiveCfg = Release|x64
		{62CA1EBD-6871-4AA0-8E94-BDC3F64D95CF}.Release|x64.Build.0 = Release|x64
		{62CA1EBD-6871-4AA0-8E94-BDC3F64D95CF}.Release|x86.ActiveCfg = Release|Win32
		{62CA1EBD-6871-4AA0-8E94-BDC3F64D95CF}.Release|x86.Build.0 = Release|Win32
		{8FB38555-02E4-4CFE-A93F-E462B489932B}.Debug|Any CPU.ActiveCfg = Debug|Win32
		{8FB38555-02E4-4CFE-A93F-E462B489932B}.Debug|ARM.ActiveCfg = Debug|Win32
		{8FB38555-02E4-4CFE-A93F-E462B489932B}.Debug|Mixed Platforms.ActiveCfg = Debug|Win32
		{8FB38555-02E4-4CFE-A93F-E462B489932B}.Debug|Mixed Platforms.Build.0 = Debug|Win32
		{8FB38555-02E4-4CFE-A93F-E462B489932B}.Debug|Win32.ActiveCfg = Debug|Win32
		{8FB38555-02E4-4CFE-A93F-E462B489932B}.Debug|Win32.Build.0 = Debug|Win32
		{8FB38555-02E4-4CFE-A93F-E462B489932B}.Debug|x64.ActiveCfg = Debug|x64
		{8FB38555-02E4-4CFE-A93F-E462B489932B}.Debug|x64.Build.0 = Debug|x64
		{8FB38555-02E4-4CFE-A93F-E462B489932B}.Debug|x86.ActiveCfg = Debug|Win32
		{8FB38555-02E4-4CFE-A93F-E462B489932B}.Debug|x86.Build.0 = Debug|Win32
		{8FB38555-02E4-4CFE-A93F-E462B489932B}.Release|Any CPU.ActiveCfg = Release|Win32
		{8FB38555-02E4-4CFE-A93F-E462B489932B}.Release|ARM.ActiveCfg = Release|Win32
		{8FB38555-02E4-4CFE-A93F-E462B489932B}.Release|Mixed Platforms.ActiveCfg = Release|Win32
		{8FB38555-02E4-4CFE-A93F-E462B489932B}.Release|Mixed Platforms.Build.0 = Release|Win32
		{8FB38555-02E4-4CFE-A93F-E462B489932B}.Release|Win32.ActiveCfg = Release|Win32
		{8FB38555-02E4-4CFE-A93F-E462B489932B}.Release|Win32.Build.0 = Release|Win32
		{8FB38555-02E4-4CFE-A93F-E462B489932B}.Release|x64.ActiveCfg = Release|x64
		{8FB38555-02E4-4CFE-A93F-E462B489932B}.Release|x64.Build.0 = Release|x64
		{8FB38555-02E4-4CFE-A93F-E462B489932B}.Release|x86.ActiveCfg = Release|Win32
		{8FB38555-02E4-4CFE-A93F-E462B489932B}.Release|x86.Build.0 = Release|Win32
		{83A145AF-D166-4D04-B8B3-3E635F88D6B8}.Debug|Any CPU.ActiveCfg = Debug|Win32
		{83A145AF-D166-4D04-B8B3-3E635F88D6B8}.Debug|ARM.ActiveCfg = Debug|Win32
		{83A145AF-D166-4D04-B8B3-3E635F88D6B8}.Debug|Mixed Platforms.ActiveCfg = Debug|Win32
		{83A145AF-D166-4D04-B8B3-3E635F88D6B8}.Debug|Mixed Platforms.Build.0 = Debug|Win32
		{83A145AF-D166-4D04-B8B3-3E635F88D6B8}.Debug|Win32.ActiveCfg = Debug|Win32
		{83A145AF-D166-4D04-B8B3-3E635F88D6B8}.Debug|Win32.Build.0 = Debug|Win32
		{83A145AF-D166-4D04-B8B3-3E635F88D6B8}.Debug|x64.ActiveCfg = Debug|x64
		{83A145AF-D166-4D04-B8B3-3E635F88D6B8}.Debug|x64.Build.0 = Debug|x64
		{83A145AF-D166-4D04-B8B3-3E635F88D6B8}.Debug|x86.ActiveCfg = Debug|Win32
		{83A145AF-D166-4D04-B8B3-3E635F88D6B8}.Debug|x86.Build.0 = Debug|Win32
		{83A145AF-D166-4D04-B8B3-3E635F88D6B8}.Release|Any CPU.ActiveCfg = Release|Win32
		{83A145AF-D166-4D04-B8B3-3E635F88D6B8}.Release|ARM.ActiveCfg = Release|Win32
		{83A145AF-D166-4D04-B8B3-3E635F88D6B8}.Release|Mixed Platforms.ActiveCfg = Release|Win32
		{83A145AF-D166-4D04-B8B3-3E635F88D6B8}.Release|Mixed Platforms.Build.0 = Release|Win32
		{83A145AF-D166-4D04-B8B3-3E635F88D6B8}.Release|Win32.ActiveCfg = Release|Win32
		{83A145AF-D166-4D04-B8B3-3E635F88D6B8}.Release|Win32.Build.0 = Release|Win32
		{83A145AF-D166-4D04-B8B3-3E635F88D6B8}.Release|x64.ActiveCfg = Release|x64
		{83A145AF-D166-4D04-B8B3-3E635F88D6B8}.Release|x64.Build.0 = Release|x64
		{83A145AF-D166-4D04-B8B3-3E635F88D6B8}.Release|x86.ActiveCfg = Release|Win32
		{83A145AF-D166-4D04-B8B3-3E635F88D6B8}.Release|x86.Build.0 = Release|Win32
		{E6B0D87C-A22C-4B21-9A0C-FCD3865A53A3}.Debug|Any CPU.ActiveCfg = Debug|Win32
		{E6B0D87C-A22C-4B21-9A0C-FCD3865A53A3}.Debug|ARM.ActiveCfg = Debug|Win32
		{E6B0D87C-A22C-4B21-9A0C-FCD3865A53A3}.Debug|Mixed Platforms.ActiveCfg = Debug|Win32
		{E6B0D87C-A22C-4B21-9A0C-FCD3865A53A3}.Debug|Mixed Platforms.Build.0 = Debug|Win32
		{E6B0D87C-A22C-4B21-9A0C-FCD3865A53A3}.Debug|Win32.ActiveCfg = Debug|Win32
		{E6B0D87C-A22C-4B21-9A0C-FCD3865A53A3}.Debug|Win32.Build.0 = Debug|Win32
		{E6B0D87C-A22C-4B21-9A0C-FCD3865A53A3}.Debug|x64.ActiveCfg = Debug|x64
		{E6B0D87C-A22C-4B21-9A0C-FCD3865A53A3}.Debug|x64.Build.0 = Debug|x64
		{E6B0D87C-A22C-4B21-9A0C-FCD3865A53A3}.Debug|x86.ActiveCfg = Debug|Win32
		{E6B0D87C-A22C-4B21-9A0C-FCD3865A53A3}.Debug|x86.Build.0 = Debug|Win32
		{E6B0D87C-A22C-4B21-9A0C-FCD3865A53A3}.Release|Any CPU.ActiveCfg = Release|Win32
		{E6B0D87C-A22C-4B21-9A0C-FCD3865A53A3}.Release|ARM.ActiveCfg = Release|Win32
		{E6B0D87C-A22C-4B21-9A0C-FCD3865A53A3}.Release|Mixed Platforms.ActiveCfg = Release|Win32
		{E6B0D87C-A22C-4B21-9A0C-FCD3865A53A3}.Release|Mixed Platforms.Build.0 = Release|Win32
		{E6B0D87C-A22C-4B21-9A0C-FCD3865A53A3}.Release|Win32.ActiveCfg = Release|Win32
		{E6B0D87C-A22C-4B21-9A0C-FCD3865A53A3}.Release|Win32.Build.0 = Release|Win32
		{E6B0D87C-A22C-4B21-9A0C-FCD3865A53A3}.Release|x64.ActiveCfg = Release|x64
		{E6B0D87C-A22C-4B21-9A0C-FCD3865A53A3}.Release|x64.Build.0 = Release|x64
		{E6B0D87C-A22C-4B21-9A0C-FCD3865A53A3}.Release|x86.ActiveCfg = Release|Win32
		{E6B0D87C-A22C-4B21-9A0C-FCD3865A53A3}.Release|x86.Build.0 = Release|Win32
	EndGlobalSection
	GlobalSection(SolutionProperties) = preSolution
		HideSolutionNode = FALSE
	EndGlobalSection
	GlobalSection(NestedProjects) = preSolution
		{F306275D-CC56-452D-89F8-4123E6D53CDD} = {C4356D40-6640-49F2-AE95-337E4A6A81A9}
		{46F6B950-B310-46A5-B0DA-D343DF2BE94F} = {344AEC02-F3F3-48F7-BC16-90AE61CDAD68}
		{025F6BBD-657C-427A-8808-7CBDDBF91605} = {8D68F643-EE4C-4932-B845-A642F50CFE99}
		{62CA1EBD-6871-4AA0-8E94-BDC3F64D95CF} = {8D68F643-EE4C-4932-B845-A642F50CFE99}
		{8FB38555-02E4-4CFE-A93F-E462B489932B} = {8D68F643-EE4C-4932-B845-A642F50CFE99}
		{83A145AF-D166-4D04-B8B3-3E635F88D6B8} = {8D68F643-EE4C-4932-B845-A642F50CFE99}
		{E6B0D87C-A22C-4B21-9A0C-FCD3865A53A3} = {8D68F643-EE4C-4932-B845-A642F50CFE99}
	EndGlobalSection
EndGlobal
