<?xml version="1.0" encoding="utf-8"?>
<Project ToolsVersion="4.0" xmlns="http://schemas.microsoft.com/developer/msbuild/2003">
  <ItemGroup>
    <Filter Include="Source Files">
      <UniqueIdentifier>{4FC737F1-C7A5-4376-A066-2A32D752A2FF}</UniqueIdentifier>
      <Extensions>cpp;c;cc;cxx;def;odl;idl;hpj;bat;asm;asmx</Extensions>
    </Filter>
    <Filter Include="Header Files">
      <UniqueIdentifier>{93995380-89BD-4b04-88EB-625FBE52EBFB}</UniqueIdentifier>
      <Extensions>h;hh;hpp;hxx;hm;inl;inc;xsd</Extensions>
    </Filter>
    <Filter Include="Resource Files">
      <UniqueIdentifier>{67DA6AB6-F800-4c08-8B7A-83BB121AAD01}</UniqueIdentifier>
      <Extensions>rc;ico;cur;bmp;dlg;rc2;rct;bin;rgs;gif;jpg;jpeg;jpe;resx;tiff;tif;png;wav;mfcribbon-ms</Extensions>
    </Filter>
    <Filter Include="Header Files\core">
      <UniqueIdentifier>{4229934b-c9fa-4dd1-b15c-cd4f2dbfc112}</UniqueIdentifier>
    </Filter>
    <Filter Include="Header Files\dll">
      <UniqueIdentifier>{47cea0d4-bfc4-4b9a-a61c-aa78100e45aa}</UniqueIdentifier>
    </Filter>
    <Filter Include="Header Files\sending">
      <UniqueIdentifier>{ba93a3bc-5701-405a-82ed-659598f5f261}</UniqueIdentifier>
    </Filter>
    <Filter Include="Header Files\logging">
      <UniqueIdentifier>{a6f35c7f-ffa5-4069-ad70-a4519fe5939f}</UniqueIdentifier>
    </Filter>
    <Filter Include="Source Files\core">
      <UniqueIdentifier>{d59941fe-ef43-460f-b876-abb878f79585}</UniqueIdentifier>
    </Filter>
    <Filter Include="Source Files\sending">
      <UniqueIdentifier>{ddbe1c3b-ac38-4b5c-b9e1-d603d3eedb59}</UniqueIdentifier>
    </Filter>
    <Filter Include="Source Files\logging">
      <UniqueIdentifier>{fd83f324-6fef-4e2d-bf5f-f84a6c70ad2f}</UniqueIdentifier>
    </Filter>
    <Filter Include="Header Files\utils">
      <UniqueIdentifier>{8e37ad29-29f1-4a03-8e3c-35cf892b8ba8}</UniqueIdentifier>
    </Filter>
    <Filter Include="Source Files\utils">
      <UniqueIdentifier>{e6d9751f-d566-4e9f-b4f6-aee95dbc42d2}</UniqueIdentifier>
    </Filter>
    <Filter Include="Header Files\timer">
      <UniqueIdentifier>{25f6e2ef-8c11-4133-b990-b0056beacbcf}</UniqueIdentifier>
    </Filter>
    <Filter Include="Source Files\timer">
      <UniqueIdentifier>{c6e50440-75e2-497e-836d-cf7831c499e8}</UniqueIdentifier>
    </Filter>
    <Filter Include="Header Files\config">
      <UniqueIdentifier>{d0a42feb-ee34-45fd-b7bb-5b435b48f7cd}</UniqueIdentifier>
    </Filter>
    <Filter Include="Source Files\config">
      <UniqueIdentifier>{1eb1e7e0-5fb7-4816-9781-870a92691ccb}</UniqueIdentifier>
    </Filter>
  </ItemGroup>
  <ItemGroup>
    <ClInclude Include="Agent.h">
      <Filter>Header Files\core</Filter>
    </ClInclude>
    <ClInclude Include="basehdr.h">
      <Filter>Header Files\core</Filter>
    </ClInclude>
    <ClInclude Include="classfactory.hpp">
      <Filter>Header Files\dll</Filter>
    </ClInclude>
    <ClInclude Include="dllmain.hpp">
      <Filter>Header Files\dll</Filter>
    </ClInclude>
    <ClInclude Include="regutil.h">
      <Filter>Header Files\dll</Filter>
    </ClInclude>
    <ClInclude Include="regutil.hpp">
      <Filter>Header Files\dll</Filter>
    </ClInclude>
    <ClInclude Include="BufferStrategy.h">
      <Filter>Header Files\sending</Filter>
    </ClInclude>
    <ClInclude Include="CMRConnection.h">
      <Filter>Header Files\sending</Filter>
    </ClInclude>
    <ClInclude Include="CorProfilerCallbackDefaultImpl.h">
      <Filter>Header Files\core</Filter>
    </ClInclude>
    <ClInclude Include="DataSendingService.h">
      <Filter>Header Files\sending</Filter>
    </ClInclude>
    <ClInclude Include="CMRRestfulConnection.h">
      <Filter>Header Files\sending</Filter>
    </ClInclude>
    <ClInclude Include="ListSizeListener.h">
      <Filter>Header Files\sending</Filter>
    </ClInclude>
    <ClInclude Include="ListSizeStrategy.h">
      <Filter>Header Files\sending</Filter>
    </ClInclude>
    <ClInclude Include="SendingStrategy.h">
      <Filter>Header Files\sending</Filter>
    </ClInclude>
    <ClInclude Include="SimpleBufferStrategy.h">
      <Filter>Header Files\sending</Filter>
    </ClInclude>
    <ClInclude Include="Logger.h">
      <Filter>Header Files\logging</Filter>
    </ClInclude>
    <ClInclude Include="MethodSensorData.h">
      <Filter>Header Files\core</Filter>
    </ClInclude>
    <ClInclude Include="MeasurementStorage.h">
      <Filter>Header Files\sending</Filter>
    </ClInclude>
    <ClInclude Include="MethodHook.h">
      <Filter>Header Files\core</Filter>
    </ClInclude>
    <ClInclude Include="MethodSensor.h">
      <Filter>Header Files\core</Filter>
    </ClInclude>
    <ClInclude Include="StrategyConfig.h">
      <Filter>Header Files\config</Filter>
    </ClInclude>
    <ClInclude Include="stringutils.h">
      <Filter>Header Files\utils</Filter>
    </ClInclude>
    <ClInclude Include="cmp_wstr.h">
      <Filter>Header Files\utils</Filter>
    </ClInclude>
    <ClInclude Include="ThreadHook.h">
      <Filter>Header Files\core</Filter>
    </ClInclude>
    <ClInclude Include="json_string_prep.h">
      <Filter>Header Files\utils</Filter>
    </ClInclude>
    <ClInclude Include="TimerData.h">
      <Filter>Header Files\timer</Filter>
    </ClInclude>
    <ClInclude Include="TimerHook.h">
      <Filter>Header Files\timer</Filter>
    </ClInclude>
    <ClInclude Include="TimerStorage.h">
      <Filter>Header Files\timer</Filter>
    </ClInclude>
    <ClInclude Include="TimerSensor.h">
      <Filter>Header Files\timer</Filter>
    </ClInclude>
    <ClInclude Include="TimerStorageEntry.h">
      <Filter>Header Files\timer</Filter>
    </ClInclude>
    <ClInclude Include="agentutils.h">
      <Filter>Header Files\utils</Filter>
    </ClInclude>
    <ClInclude Include="ip_calculation.h">
      <Filter>Header Files\utils</Filter>
    </ClInclude>
    <ClInclude Include="AbstractSensorTypeConfig.h">
      <Filter>Header Files\config</Filter>
    </ClInclude>
    <ClInclude Include="AgentConfig.h">
      <Filter>Header Files\config</Filter>
    </ClInclude>
    <ClInclude Include="ExceptionSensorTypeConfig.h">
      <Filter>Header Files\config</Filter>
    </ClInclude>
    <ClInclude Include="InstrumentationDefinition.h">
      <Filter>Header Files\config</Filter>
    </ClInclude>
    <ClInclude Include="JsonReceivable.h">
      <Filter>Header Files\config</Filter>
    </ClInclude>
    <ClInclude Include="MethodInstrumentationConfig.h">
      <Filter>Header Files\config</Filter>
    </ClInclude>
    <ClInclude Include="MethodSensorTypeConfig.h">
      <Filter>Header Files\config</Filter>
    </ClInclude>
    <ClInclude Include="PlatformSensorTypeConfig.h">
      <Filter>Header Files\config</Filter>
    </ClInclude>
    <ClInclude Include="SensorInstrumentationPoint.h">
      <Filter>Header Files\config</Filter>
    </ClInclude>
    <ClInclude Include="Type.h">
      <Filter>Header Files</Filter>
    </ClInclude>
    <ClInclude Include="JsonSendable.h">
      <Filter>Header Files</Filter>
    </ClInclude>
    <ClInclude Include="ClassType.h">
      <Filter>Header Files</Filter>
    </ClInclude>
    <ClInclude Include="MethodType.h">
      <Filter>Header Files</Filter>
    </ClInclude>
    <ClInclude Include="InterfaceType.h">
      <Filter>Header Files</Filter>
    </ClInclude>
    <ClInclude Include="AnnotationType.h">
      <Filter>Header Files</Filter>
    </ClInclude>
    <ClInclude Include="MethodSensorMap.h">
      <Filter>Header Files</Filter>
    </ClInclude>
    <ClInclude Include="SensorData.h">
      <Filter>Header Files</Filter>
    </ClInclude>
    <ClInclude Include="InstrumentationManager.h">
      <Filter>Header Files</Filter>
    </ClInclude>
    <ClInclude Include="MethodSensorFactory.h">
      <Filter>Header Files</Filter>
    </ClInclude>
    <ClInclude Include="java_modifiers.h">
      <Filter>Header Files\utils</Filter>
    </ClInclude>
  </ItemGroup>
  <ItemGroup>
    <ClCompile Include="Agent.cpp">
      <Filter>Source Files\core</Filter>
    </ClCompile>
    <ClCompile Include="DataSendingService.cpp">
      <Filter>Source Files\sending</Filter>
    </ClCompile>
    <ClCompile Include="CMRRestfulConnection.cpp">
      <Filter>Source Files\sending</Filter>
    </ClCompile>
    <ClCompile Include="CorProfilerCallbackDefaultImpl.cpp">
      <Filter>Source Files\core</Filter>
    </ClCompile>
    <ClCompile Include="ListSizeStrategy.cpp">
      <Filter>Source Files\sending</Filter>
    </ClCompile>
    <ClCompile Include="SimpleBufferStrategy.cpp">
      <Filter>Source Files\sending</Filter>
    </ClCompile>
    <ClCompile Include="Logger.cpp">
      <Filter>Source Files\logging</Filter>
    </ClCompile>
    <ClCompile Include="stringutils.cpp">
      <Filter>Source Files\utils</Filter>
    </ClCompile>
    <ClCompile Include="json_string_prep.cpp">
      <Filter>Source Files\utils</Filter>
    </ClCompile>
    <ClCompile Include="TimerData.cpp">
      <Filter>Source Files\timer</Filter>
    </ClCompile>
    <ClCompile Include="TimerHook.cpp">
      <Filter>Source Files\timer</Filter>
    </ClCompile>
    <ClCompile Include="TimerStorage.cpp">
      <Filter>Source Files\timer</Filter>
    </ClCompile>
    <ClCompile Include="TimerSensor.cpp">
      <Filter>Source Files\timer</Filter>
    </ClCompile>
    <ClCompile Include="TimerStorageEntry.cpp">
      <Filter>Source Files\timer</Filter>
    </ClCompile>
    <ClCompile Include="agentutils.cpp">
      <Filter>Source Files\utils</Filter>
    </ClCompile>
    <ClCompile Include="ip_calculation.cpp">
      <Filter>Source Files\utils</Filter>
    </ClCompile>
    <ClCompile Include="AbstractSensorTypeConfig.cpp">
      <Filter>Source Files\config</Filter>
    </ClCompile>
    <ClCompile Include="AgentConfig.cpp">
      <Filter>Source Files\config</Filter>
    </ClCompile>
    <ClCompile Include="ExceptionSensorTypeConfig.cpp">
      <Filter>Source Files\config</Filter>
    </ClCompile>
    <ClCompile Include="InstrumentationDefinition.cpp">
      <Filter>Source Files\config</Filter>
    </ClCompile>
    <ClCompile Include="MethodInstrumentationConfig.cpp">
      <Filter>Source Files\config</Filter>
    </ClCompile>
    <ClCompile Include="MethodSensorTypeConfig.cpp">
      <Filter>Source Files\config</Filter>
    </ClCompile>
    <ClCompile Include="PlatformSensorTypeConfig.cpp">
      <Filter>Source Files\config</Filter>
    </ClCompile>
    <ClCompile Include="SensorInstrumentationPoint.cpp">
      <Filter>Source Files\config</Filter>
    </ClCompile>
    <ClCompile Include="StrategyConfig.cpp">
      <Filter>Source Files\config</Filter>
    </ClCompile>
    <ClCompile Include="ClassType.cpp">
      <Filter>Source Files</Filter>
    </ClCompile>
    <ClCompile Include="MethodType.cpp">
      <Filter>Source Files</Filter>
    </ClCompile>
    <ClCompile Include="InterfaceType.cpp">
      <Filter>Source Files</Filter>
    </ClCompile>
    <ClCompile Include="AnnotationType.cpp">
      <Filter>Source Files</Filter>
    </ClCompile>
    <ClCompile Include="MethodSensorMap.cpp">
      <Filter>Source Files</Filter>
    </ClCompile>
    <ClCompile Include="SensorData.cpp">
      <Filter>Source Files</Filter>
    </ClCompile>
    <ClCompile Include="InstrumentationManager.cpp">
      <Filter>Source Files</Filter>
    </ClCompile>
    <ClCompile Include="MethodSensor.cpp">
      <Filter>Source Files</Filter>
    </ClCompile>
    <ClCompile Include="MethodSensorFactory.cpp">
      <Filter>Source Files</Filter>
    </ClCompile>
  </ItemGroup>
  <ItemGroup>
    <None Include="packages.config" />
    <None Include="agent.def">
      <Filter>Source Files\core</Filter>
    </None>
  </ItemGroup>
</Project>